// !$*UTF8*$!
{
	archiveVersion = 1;
	classes = {
	};
	objectVersion = 51;
	objects = {

/* Begin PBXBuildFile section */
		1F48E43A9A7196D7A29AE006 /* Pods_EpubReaderUITests.framework in Frameworks */ = {isa = PBXBuildFile; fileRef = 7D5CC570F0E7FC20DD2D000C /* Pods_EpubReaderUITests.framework */; };
		9B7CA84B232353FC00068769 /* AppDelegate.swift in Sources */ = {isa = PBXBuildFile; fileRef = 9B7CA84A232353FC00068769 /* AppDelegate.swift */; };
		9B7CA84D232353FC00068769 /* ViewController.swift in Sources */ = {isa = PBXBuildFile; fileRef = 9B7CA84C232353FC00068769 /* ViewController.swift */; };
		9B7CA850232353FC00068769 /* Main.storyboard in Resources */ = {isa = PBXBuildFile; fileRef = 9B7CA84E232353FC00068769 /* Main.storyboard */; };
		9B7CA852232353FD00068769 /* Assets.xcassets in Resources */ = {isa = PBXBuildFile; fileRef = 9B7CA851232353FD00068769 /* Assets.xcassets */; };
		9B7CA855232353FD00068769 /* LaunchScreen.storyboard in Resources */ = {isa = PBXBuildFile; fileRef = 9B7CA853232353FD00068769 /* LaunchScreen.storyboard */; };
		9B7CA860232353FE00068769 /* EpubReaderTests.swift in Sources */ = {isa = PBXBuildFile; fileRef = 9B7CA85F232353FE00068769 /* EpubReaderTests.swift */; };
		9B7CA86B232353FE00068769 /* EpubReaderUITests.swift in Sources */ = {isa = PBXBuildFile; fileRef = 9B7CA86A232353FE00068769 /* EpubReaderUITests.swift */; };
		9BFB44142323641D00C9232A /* EpubFileManagement.swift in Sources */ = {isa = PBXBuildFile; fileRef = 9BFB44132323641D00C9232A /* EpubFileManagement.swift */; };
		A12AE42381034DACE9A126C9 /* Pods_EpubReaderTests.framework in Frameworks */ = {isa = PBXBuildFile; fileRef = 739E3D80FE4FD196980A73BC /* Pods_EpubReaderTests.framework */; };
		E9460F9D99D6DECC6D79FF20 /* Pods_EpubReader.framework in Frameworks */ = {isa = PBXBuildFile; fileRef = 0C948F0C0C01E3D4860A9792 /* Pods_EpubReader.framework */; };
/* End PBXBuildFile section */

/* Begin PBXContainerItemProxy section */
		9B7CA85C232353FE00068769 /* PBXContainerItemProxy */ = {
			isa = PBXContainerItemProxy;
			containerPortal = 9B7CA83F232353FC00068769 /* Project object */;
			proxyType = 1;
			remoteGlobalIDString = 9B7CA846232353FC00068769;
			remoteInfo = EpubReader;
		};
		9B7CA867232353FE00068769 /* PBXContainerItemProxy */ = {
			isa = PBXContainerItemProxy;
			containerPortal = 9B7CA83F232353FC00068769 /* Project object */;
			proxyType = 1;
			remoteGlobalIDString = 9B7CA846232353FC00068769;
			remoteInfo = EpubReader;
		};
/* End PBXContainerItemProxy section */

/* Begin PBXFileReference section */
		0152E73D75C472DAC8E4EC3C /* Pods-EpubReaderTests.release.xcconfig */ = {isa = PBXFileReference; includeInIndex = 1; lastKnownFileType = text.xcconfig; name = "Pods-EpubReaderTests.release.xcconfig"; path = "Target Support Files/Pods-EpubReaderTests/Pods-EpubReaderTests.release.xcconfig"; sourceTree = "<group>"; };
		0C948F0C0C01E3D4860A9792 /* Pods_EpubReader.framework */ = {isa = PBXFileReference; explicitFileType = wrapper.framework; includeInIndex = 0; path = Pods_EpubReader.framework; sourceTree = BUILT_PRODUCTS_DIR; };
		5D0BDBE2885E546C780DBFE8 /* Pods-EpubReaderUITests.debug.xcconfig */ = {isa = PBXFileReference; includeInIndex = 1; lastKnownFileType = text.xcconfig; name = "Pods-EpubReaderUITests.debug.xcconfig"; path = "Target Support Files/Pods-EpubReaderUITests/Pods-EpubReaderUITests.debug.xcconfig"; sourceTree = "<group>"; };
		6D0EA336747B3B0F39EDC9A1 /* Pods-EpubReader.release.xcconfig */ = {isa = PBXFileReference; includeInIndex = 1; lastKnownFileType = text.xcconfig; name = "Pods-EpubReader.release.xcconfig"; path = "Target Support Files/Pods-EpubReader/Pods-EpubReader.release.xcconfig"; sourceTree = "<group>"; };
		739E3D80FE4FD196980A73BC /* Pods_EpubReaderTests.framework */ = {isa = PBXFileReference; explicitFileType = wrapper.framework; includeInIndex = 0; path = Pods_EpubReaderTests.framework; sourceTree = BUILT_PRODUCTS_DIR; };
		74384780CC266388E8F5F7C6 /* Pods-EpubReader.debug.xcconfig */ = {isa = PBXFileReference; includeInIndex = 1; lastKnownFileType = text.xcconfig; name = "Pods-EpubReader.debug.xcconfig"; path = "Target Support Files/Pods-EpubReader/Pods-EpubReader.debug.xcconfig"; sourceTree = "<group>"; };
		7D5CC570F0E7FC20DD2D000C /* Pods_EpubReaderUITests.framework */ = {isa = PBXFileReference; explicitFileType = wrapper.framework; includeInIndex = 0; path = Pods_EpubReaderUITests.framework; sourceTree = BUILT_PRODUCTS_DIR; };
		9B7CA847232353FC00068769 /* EpubReader.app */ = {isa = PBXFileReference; explicitFileType = wrapper.application; includeInIndex = 0; path = EpubReader.app; sourceTree = BUILT_PRODUCTS_DIR; };
		9B7CA84A232353FC00068769 /* AppDelegate.swift */ = {isa = PBXFileReference; lastKnownFileType = sourcecode.swift; path = AppDelegate.swift; sourceTree = "<group>"; };
		9B7CA84C232353FC00068769 /* ViewController.swift */ = {isa = PBXFileReference; lastKnownFileType = sourcecode.swift; path = ViewController.swift; sourceTree = "<group>"; };
		9B7CA84F232353FC00068769 /* Base */ = {isa = PBXFileReference; lastKnownFileType = file.storyboard; name = Base; path = Base.lproj/Main.storyboard; sourceTree = "<group>"; };
		9B7CA851232353FD00068769 /* Assets.xcassets */ = {isa = PBXFileReference; lastKnownFileType = folder.assetcatalog; path = Assets.xcassets; sourceTree = "<group>"; };
		9B7CA854232353FD00068769 /* Base */ = {isa = PBXFileReference; lastKnownFileType = file.storyboard; name = Base; path = Base.lproj/LaunchScreen.storyboard; sourceTree = "<group>"; };
		9B7CA856232353FD00068769 /* Info.plist */ = {isa = PBXFileReference; lastKnownFileType = text.plist.xml; path = Info.plist; sourceTree = "<group>"; };
		9B7CA85B232353FE00068769 /* EpubReaderTests.xctest */ = {isa = PBXFileReference; explicitFileType = wrapper.cfbundle; includeInIndex = 0; path = EpubReaderTests.xctest; sourceTree = BUILT_PRODUCTS_DIR; };
		9B7CA85F232353FE00068769 /* EpubReaderTests.swift */ = {isa = PBXFileReference; lastKnownFileType = sourcecode.swift; path = EpubReaderTests.swift; sourceTree = "<group>"; };
		9B7CA861232353FE00068769 /* Info.plist */ = {isa = PBXFileReference; lastKnownFileType = text.plist.xml; path = Info.plist; sourceTree = "<group>"; };
		9B7CA866232353FE00068769 /* EpubReaderUITests.xctest */ = {isa = PBXFileReference; explicitFileType = wrapper.cfbundle; includeInIndex = 0; path = EpubReaderUITests.xctest; sourceTree = BUILT_PRODUCTS_DIR; };
		9B7CA86A232353FE00068769 /* EpubReaderUITests.swift */ = {isa = PBXFileReference; lastKnownFileType = sourcecode.swift; path = EpubReaderUITests.swift; sourceTree = "<group>"; };
		9B7CA86C232353FE00068769 /* Info.plist */ = {isa = PBXFileReference; lastKnownFileType = text.plist.xml; path = Info.plist; sourceTree = "<group>"; };
		9BFB44132323641D00C9232A /* EpubFileManagement.swift */ = {isa = PBXFileReference; lastKnownFileType = sourcecode.swift; path = EpubFileManagement.swift; sourceTree = "<group>"; };
		C5F9439940D330B140954C17 /* Pods-EpubReaderTests.debug.xcconfig */ = {isa = PBXFileReference; includeInIndex = 1; lastKnownFileType = text.xcconfig; name = "Pods-EpubReaderTests.debug.xcconfig"; path = "Target Support Files/Pods-EpubReaderTests/Pods-EpubReaderTests.debug.xcconfig"; sourceTree = "<group>"; };
		FF26E7458C4A5CCE0A292BEF /* Pods-EpubReaderUITests.release.xcconfig */ = {isa = PBXFileReference; includeInIndex = 1; lastKnownFileType = text.xcconfig; name = "Pods-EpubReaderUITests.release.xcconfig"; path = "Target Support Files/Pods-EpubReaderUITests/Pods-EpubReaderUITests.release.xcconfig"; sourceTree = "<group>"; };
/* End PBXFileReference section */

/* Begin PBXFrameworksBuildPhase section */
		9B7CA844232353FC00068769 /* Frameworks */ = {
			isa = PBXFrameworksBuildPhase;
			buildActionMask = 2147483647;
			files = (
				E9460F9D99D6DECC6D79FF20 /* Pods_EpubReader.framework in Frameworks */,
			);
			runOnlyForDeploymentPostprocessing = 0;
		};
		9B7CA858232353FE00068769 /* Frameworks */ = {
			isa = PBXFrameworksBuildPhase;
			buildActionMask = 2147483647;
			files = (
				A12AE42381034DACE9A126C9 /* Pods_EpubReaderTests.framework in Frameworks */,
			);
			runOnlyForDeploymentPostprocessing = 0;
		};
		9B7CA863232353FE00068769 /* Frameworks */ = {
			isa = PBXFrameworksBuildPhase;
			buildActionMask = 2147483647;
			files = (
				1F48E43A9A7196D7A29AE006 /* Pods_EpubReaderUITests.framework in Frameworks */,
			);
			runOnlyForDeploymentPostprocessing = 0;
		};
/* End PBXFrameworksBuildPhase section */

/* Begin PBXGroup section */
		0CA38628C92E714A1D22D096 /* Pods */ = {
			isa = PBXGroup;
			children = (
				74384780CC266388E8F5F7C6 /* Pods-EpubReader.debug.xcconfig */,
				6D0EA336747B3B0F39EDC9A1 /* Pods-EpubReader.release.xcconfig */,
				C5F9439940D330B140954C17 /* Pods-EpubReaderTests.debug.xcconfig */,
				0152E73D75C472DAC8E4EC3C /* Pods-EpubReaderTests.release.xcconfig */,
				5D0BDBE2885E546C780DBFE8 /* Pods-EpubReaderUITests.debug.xcconfig */,
				FF26E7458C4A5CCE0A292BEF /* Pods-EpubReaderUITests.release.xcconfig */,
			);
			path = Pods;
			sourceTree = "<group>";
		};
		2315810B4D07FB41518DBFDE /* Frameworks */ = {
			isa = PBXGroup;
			children = (
				0C948F0C0C01E3D4860A9792 /* Pods_EpubReader.framework */,
				739E3D80FE4FD196980A73BC /* Pods_EpubReaderTests.framework */,
				7D5CC570F0E7FC20DD2D000C /* Pods_EpubReaderUITests.framework */,
			);
			name = Frameworks;
			sourceTree = "<group>";
		};
		9B7CA83E232353FC00068769 = {
			isa = PBXGroup;
			children = (
				9B7CA849232353FC00068769 /* EpubReader */,
				9B7CA85E232353FE00068769 /* EpubReaderTests */,
				9B7CA869232353FE00068769 /* EpubReaderUITests */,
				9B7CA848232353FC00068769 /* Products */,
				0CA38628C92E714A1D22D096 /* Pods */,
				2315810B4D07FB41518DBFDE /* Frameworks */,
			);
			sourceTree = "<group>";
		};
		9B7CA848232353FC00068769 /* Products */ = {
			isa = PBXGroup;
			children = (
				9B7CA847232353FC00068769 /* EpubReader.app */,
				9B7CA85B232353FE00068769 /* EpubReaderTests.xctest */,
				9B7CA866232353FE00068769 /* EpubReaderUITests.xctest */,
			);
			name = Products;
			sourceTree = "<group>";
		};
		9B7CA849232353FC00068769 /* EpubReader */ = {
			isa = PBXGroup;
			children = (
				9BFB4412232363AB00C9232A /* Model */,
				9B7CA84A232353FC00068769 /* AppDelegate.swift */,
				9B7CA84C232353FC00068769 /* ViewController.swift */,
				9B7CA84E232353FC00068769 /* Main.storyboard */,
				9B7CA851232353FD00068769 /* Assets.xcassets */,
				9B7CA853232353FD00068769 /* LaunchScreen.storyboard */,
				9B7CA856232353FD00068769 /* Info.plist */,
			);
			path = EpubReader;
			sourceTree = "<group>";
		};
		9B7CA85E232353FE00068769 /* EpubReaderTests */ = {
			isa = PBXGroup;
			children = (
				9B7CA85F232353FE00068769 /* EpubReaderTests.swift */,
				9B7CA861232353FE00068769 /* Info.plist */,
			);
			path = EpubReaderTests;
			sourceTree = "<group>";
		};
		9B7CA869232353FE00068769 /* EpubReaderUITests */ = {
			isa = PBXGroup;
			children = (
				9B7CA86A232353FE00068769 /* EpubReaderUITests.swift */,
				9B7CA86C232353FE00068769 /* Info.plist */,
			);
			path = EpubReaderUITests;
			sourceTree = "<group>";
		};
		9BFB4412232363AB00C9232A /* Model */ = {
			isa = PBXGroup;
			children = (
				9BFB44132323641D00C9232A /* EpubFileManagement.swift */,
			);
			path = Model;
			sourceTree = "<group>";
		};
/* End PBXGroup section */

/* Begin PBXNativeTarget section */
		9B7CA846232353FC00068769 /* EpubReader */ = {
			isa = PBXNativeTarget;
			buildConfigurationList = 9B7CA86F232353FE00068769 /* Build configuration list for PBXNativeTarget "EpubReader" */;
			buildPhases = (
				15672EECE7FC7FD2A8AEC002 /* [CP] Check Pods Manifest.lock */,
				9B7CA843232353FC00068769 /* Sources */,
				9B7CA844232353FC00068769 /* Frameworks */,
				9B7CA845232353FC00068769 /* Resources */,
				AE04EDFD4F88829FE9010F7A /* [CP] Embed Pods Frameworks */,
			);
			buildRules = (
			);
			dependencies = (
			);
			name = EpubReader;
			productName = EpubReader;
			productReference = 9B7CA847232353FC00068769 /* EpubReader.app */;
			productType = "com.apple.product-type.application";
		};
		9B7CA85A232353FE00068769 /* EpubReaderTests */ = {
			isa = PBXNativeTarget;
			buildConfigurationList = 9B7CA872232353FE00068769 /* Build configuration list for PBXNativeTarget "EpubReaderTests" */;
			buildPhases = (
				1E49A145107586B17541A7D6 /* [CP] Check Pods Manifest.lock */,
				9B7CA857232353FE00068769 /* Sources */,
				9B7CA858232353FE00068769 /* Frameworks */,
				9B7CA859232353FE00068769 /* Resources */,
			);
			buildRules = (
			);
			dependencies = (
				9B7CA85D232353FE00068769 /* PBXTargetDependency */,
			);
			name = EpubReaderTests;
			productName = EpubReaderTests;
			productReference = 9B7CA85B232353FE00068769 /* EpubReaderTests.xctest */;
			productType = "com.apple.product-type.bundle.unit-test";
		};
		9B7CA865232353FE00068769 /* EpubReaderUITests */ = {
			isa = PBXNativeTarget;
			buildConfigurationList = 9B7CA875232353FE00068769 /* Build configuration list for PBXNativeTarget "EpubReaderUITests" */;
			buildPhases = (
				948BDCE27024CABED47FB91E /* [CP] Check Pods Manifest.lock */,
				9B7CA862232353FE00068769 /* Sources */,
				9B7CA863232353FE00068769 /* Frameworks */,
				9B7CA864232353FE00068769 /* Resources */,
			);
			buildRules = (
			);
			dependencies = (
				9B7CA868232353FE00068769 /* PBXTargetDependency */,
			);
			name = EpubReaderUITests;
			productName = EpubReaderUITests;
			productReference = 9B7CA866232353FE00068769 /* EpubReaderUITests.xctest */;
			productType = "com.apple.product-type.bundle.ui-testing";
		};
/* End PBXNativeTarget section */

/* Begin PBXProject section */
		9B7CA83F232353FC00068769 /* Project object */ = {
			isa = PBXProject;
			attributes = {
				LastSwiftUpdateCheck = 1030;
				LastUpgradeCheck = 1030;
				ORGANIZATIONNAME = Cloudju;
				TargetAttributes = {
					9B7CA846232353FC00068769 = {
						CreatedOnToolsVersion = 10.3;
					};
					9B7CA85A232353FE00068769 = {
						CreatedOnToolsVersion = 10.3;
						TestTargetID = 9B7CA846232353FC00068769;
					};
					9B7CA865232353FE00068769 = {
						CreatedOnToolsVersion = 10.3;
						TestTargetID = 9B7CA846232353FC00068769;
					};
				};
			};
			buildConfigurationList = 9B7CA842232353FC00068769 /* Build configuration list for PBXProject "EpubReader" */;
			compatibilityVersion = "Xcode 9.3";
			developmentRegion = en;
			hasScannedForEncodings = 0;
			knownRegions = (
				en,
				Base,
			);
			mainGroup = 9B7CA83E232353FC00068769;
			productRefGroup = 9B7CA848232353FC00068769 /* Products */;
			projectDirPath = "";
			projectRoot = "";
			targets = (
				9B7CA846232353FC00068769 /* EpubReader */,
				9B7CA85A232353FE00068769 /* EpubReaderTests */,
				9B7CA865232353FE00068769 /* EpubReaderUITests */,
			);
		};
/* End PBXProject section */

/* Begin PBXResourcesBuildPhase section */
		9B7CA845232353FC00068769 /* Resources */ = {
			isa = PBXResourcesBuildPhase;
			buildActionMask = 2147483647;
			files = (
				9B7CA855232353FD00068769 /* LaunchScreen.storyboard in Resources */,
				9B7CA852232353FD00068769 /* Assets.xcassets in Resources */,
				9B7CA850232353FC00068769 /* Main.storyboard in Resources */,
			);
			runOnlyForDeploymentPostprocessing = 0;
		};
		9B7CA859232353FE00068769 /* Resources */ = {
			isa = PBXResourcesBuildPhase;
			buildActionMask = 2147483647;
			files = (
			);
			runOnlyForDeploymentPostprocessing = 0;
		};
		9B7CA864232353FE00068769 /* Resources */ = {
			isa = PBXResourcesBuildPhase;
			buildActionMask = 2147483647;
			files = (
			);
			runOnlyForDeploymentPostprocessing = 0;
		};
/* End PBXResourcesBuildPhase section */

/* Begin PBXShellScriptBuildPhase section */
		15672EECE7FC7FD2A8AEC002 /* [CP] Check Pods Manifest.lock */ = {
			isa = PBXShellScriptBuildPhase;
			buildActionMask = 2147483647;
			files = (
			);
			inputFileListPaths = (
			);
			inputPaths = (
				"${PODS_PODFILE_DIR_PATH}/Podfile.lock",
				"${PODS_ROOT}/Manifest.lock",
			);
			name = "[CP] Check Pods Manifest.lock";
			outputFileListPaths = (
			);
			outputPaths = (
				"$(DERIVED_FILE_DIR)/Pods-EpubReader-checkManifestLockResult.txt",
			);
			runOnlyForDeploymentPostprocessing = 0;
			shellPath = /bin/sh;
			shellScript = "diff \"${PODS_PODFILE_DIR_PATH}/Podfile.lock\" \"${PODS_ROOT}/Manifest.lock\" > /dev/null\nif [ $? != 0 ] ; then\n    # print error to STDERR\n    echo \"error: The sandbox is not in sync with the Podfile.lock. Run 'pod install' or update your CocoaPods installation.\" >&2\n    exit 1\nfi\n# This output is used by Xcode 'outputs' to avoid re-running this script phase.\necho \"SUCCESS\" > \"${SCRIPT_OUTPUT_FILE_0}\"\n";
			showEnvVarsInLog = 0;
		};
		1E49A145107586B17541A7D6 /* [CP] Check Pods Manifest.lock */ = {
			isa = PBXShellScriptBuildPhase;
			buildActionMask = 2147483647;
			files = (
			);
			inputFileListPaths = (
			);
			inputPaths = (
				"${PODS_PODFILE_DIR_PATH}/Podfile.lock",
				"${PODS_ROOT}/Manifest.lock",
			);
			name = "[CP] Check Pods Manifest.lock";
			outputFileListPaths = (
			);
			outputPaths = (
				"$(DERIVED_FILE_DIR)/Pods-EpubReaderTests-checkManifestLockResult.txt",
			);
			runOnlyForDeploymentPostprocessing = 0;
			shellPath = /bin/sh;
			shellScript = "diff \"${PODS_PODFILE_DIR_PATH}/Podfile.lock\" \"${PODS_ROOT}/Manifest.lock\" > /dev/null\nif [ $? != 0 ] ; then\n    # print error to STDERR\n    echo \"error: The sandbox is not in sync with the Podfile.lock. Run 'pod install' or update your CocoaPods installation.\" >&2\n    exit 1\nfi\n# This output is used by Xcode 'outputs' to avoid re-running this script phase.\necho \"SUCCESS\" > \"${SCRIPT_OUTPUT_FILE_0}\"\n";
			showEnvVarsInLog = 0;
		};
		948BDCE27024CABED47FB91E /* [CP] Check Pods Manifest.lock */ = {
			isa = PBXShellScriptBuildPhase;
			buildActionMask = 2147483647;
			files = (
			);
			inputFileListPaths = (
			);
			inputPaths = (
				"${PODS_PODFILE_DIR_PATH}/Podfile.lock",
				"${PODS_ROOT}/Manifest.lock",
			);
			name = "[CP] Check Pods Manifest.lock";
			outputFileListPaths = (
			);
			outputPaths = (
				"$(DERIVED_FILE_DIR)/Pods-EpubReaderUITests-checkManifestLockResult.txt",
			);
			runOnlyForDeploymentPostprocessing = 0;
			shellPath = /bin/sh;
			shellScript = "diff \"${PODS_PODFILE_DIR_PATH}/Podfile.lock\" \"${PODS_ROOT}/Manifest.lock\" > /dev/null\nif [ $? != 0 ] ; then\n    # print error to STDERR\n    echo \"error: The sandbox is not in sync with the Podfile.lock. Run 'pod install' or update your CocoaPods installation.\" >&2\n    exit 1\nfi\n# This output is used by Xcode 'outputs' to avoid re-running this script phase.\necho \"SUCCESS\" > \"${SCRIPT_OUTPUT_FILE_0}\"\n";
			showEnvVarsInLog = 0;
		};
		AE04EDFD4F88829FE9010F7A /* [CP] Embed Pods Frameworks */ = {
			isa = PBXShellScriptBuildPhase;
			buildActionMask = 2147483647;
			files = (
			);
			inputFileListPaths = (
				"${PODS_ROOT}/Target Support Files/Pods-EpubReader/Pods-EpubReader-frameworks-${CONFIGURATION}-input-files.xcfilelist",
			);
			name = "[CP] Embed Pods Frameworks";
			outputFileListPaths = (
				"${PODS_ROOT}/Target Support Files/Pods-EpubReader/Pods-EpubReader-frameworks-${CONFIGURATION}-output-files.xcfilelist",
			);
			runOnlyForDeploymentPostprocessing = 0;
			shellPath = /bin/sh;
			shellScript = "\"${PODS_ROOT}/Target Support Files/Pods-EpubReader/Pods-EpubReader-frameworks.sh\"\n";
			showEnvVarsInLog = 0;
		};
/* End PBXShellScriptBuildPhase section */

/* Begin PBXSourcesBuildPhase section */
		9B7CA843232353FC00068769 /* Sources */ = {
			isa = PBXSourcesBuildPhase;
			buildActionMask = 2147483647;
			files = (
				9B7CA84D232353FC00068769 /* ViewController.swift in Sources */,
				9BFB44142323641D00C9232A /* EpubFileManagement.swift in Sources */,
				9B7CA84B232353FC00068769 /* AppDelegate.swift in Sources */,
			);
			runOnlyForDeploymentPostprocessing = 0;
		};
		9B7CA857232353FE00068769 /* Sources */ = {
			isa = PBXSourcesBuildPhase;
			buildActionMask = 2147483647;
			files = (
				9B7CA860232353FE00068769 /* EpubReaderTests.swift in Sources */,
			);
			runOnlyForDeploymentPostprocessing = 0;
		};
		9B7CA862232353FE00068769 /* Sources */ = {
			isa = PBXSourcesBuildPhase;
			buildActionMask = 2147483647;
			files = (
				9B7CA86B232353FE00068769 /* EpubReaderUITests.swift in Sources */,
			);
			runOnlyForDeploymentPostprocessing = 0;
		};
/* End PBXSourcesBuildPhase section */

/* Begin PBXTargetDependency section */
		9B7CA85D232353FE00068769 /* PBXTargetDependency */ = {
			isa = PBXTargetDependency;
			target = 9B7CA846232353FC00068769 /* EpubReader */;
			targetProxy = 9B7CA85C232353FE00068769 /* PBXContainerItemProxy */;
		};
		9B7CA868232353FE00068769 /* PBXTargetDependency */ = {
			isa = PBXTargetDependency;
			target = 9B7CA846232353FC00068769 /* EpubReader */;
			targetProxy = 9B7CA867232353FE00068769 /* PBXContainerItemProxy */;
		};
/* End PBXTargetDependency section */

/* Begin PBXVariantGroup section */
		9B7CA84E232353FC00068769 /* Main.storyboard */ = {
			isa = PBXVariantGroup;
			children = (
				9B7CA84F232353FC00068769 /* Base */,
			);
			name = Main.storyboard;
			sourceTree = "<group>";
		};
		9B7CA853232353FD00068769 /* LaunchScreen.storyboard */ = {
			isa = PBXVariantGroup;
			children = (
				9B7CA854232353FD00068769 /* Base */,
			);
			name = LaunchScreen.storyboard;
			sourceTree = "<group>";
		};
/* End PBXVariantGroup section */

/* Begin XCBuildConfiguration section */
		9B7CA86D232353FE00068769 /* Debug */ = {
			isa = XCBuildConfiguration;
			buildSettings = {
				ALWAYS_SEARCH_USER_PATHS = NO;
				CLANG_ANALYZER_NONNULL = YES;
				CLANG_ANALYZER_NUMBER_OBJECT_CONVERSION = YES_AGGRESSIVE;
				CLANG_CXX_LANGUAGE_STANDARD = "gnu++14";
				CLANG_CXX_LIBRARY = "libc++";
				CLANG_ENABLE_MODULES = YES;
				CLANG_ENABLE_OBJC_ARC = YES;
				CLANG_ENABLE_OBJC_WEAK = YES;
				CLANG_WARN_BLOCK_CAPTURE_AUTORELEASING = YES;
				CLANG_WARN_BOOL_CONVERSION = YES;
				CLANG_WARN_COMMA = YES;
				CLANG_WARN_CONSTANT_CONVERSION = YES;
				CLANG_WARN_DEPRECATED_OBJC_IMPLEMENTATIONS = YES;
				CLANG_WARN_DIRECT_OBJC_ISA_USAGE = YES_ERROR;
				CLANG_WARN_DOCUMENTATION_COMMENTS = YES;
				CLANG_WARN_EMPTY_BODY = YES;
				CLANG_WARN_ENUM_CONVERSION = YES;
				CLANG_WARN_INFINITE_RECURSION = YES;
				CLANG_WARN_INT_CONVERSION = YES;
				CLANG_WARN_NON_LITERAL_NULL_CONVERSION = YES;
				CLANG_WARN_OBJC_IMPLICIT_RETAIN_SELF = YES;
				CLANG_WARN_OBJC_LITERAL_CONVERSION = YES;
				CLANG_WARN_OBJC_ROOT_CLASS = YES_ERROR;
				CLANG_WARN_RANGE_LOOP_ANALYSIS = YES;
				CLANG_WARN_STRICT_PROTOTYPES = YES;
				CLANG_WARN_SUSPICIOUS_MOVE = YES;
				CLANG_WARN_UNGUARDED_AVAILABILITY = YES_AGGRESSIVE;
				CLANG_WARN_UNREACHABLE_CODE = YES;
				CLANG_WARN__DUPLICATE_METHOD_MATCH = YES;
				CODE_SIGN_IDENTITY = "iPhone Developer";
				COPY_PHASE_STRIP = NO;
				DEBUG_INFORMATION_FORMAT = dwarf;
				ENABLE_STRICT_OBJC_MSGSEND = YES;
				ENABLE_TESTABILITY = YES;
				GCC_C_LANGUAGE_STANDARD = gnu11;
				GCC_DYNAMIC_NO_PIC = NO;
				GCC_NO_COMMON_BLOCKS = YES;
				GCC_OPTIMIZATION_LEVEL = 0;
				GCC_PREPROCESSOR_DEFINITIONS = (
					"DEBUG=1",
					"$(inherited)",
				);
				GCC_WARN_64_TO_32_BIT_CONVERSION = YES;
				GCC_WARN_ABOUT_RETURN_TYPE = YES_ERROR;
				GCC_WARN_UNDECLARED_SELECTOR = YES;
				GCC_WARN_UNINITIALIZED_AUTOS = YES_AGGRESSIVE;
				GCC_WARN_UNUSED_FUNCTION = YES;
				GCC_WARN_UNUSED_VARIABLE = YES;
				IPHONEOS_DEPLOYMENT_TARGET = 12.4;
				MTL_ENABLE_DEBUG_INFO = INCLUDE_SOURCE;
				MTL_FAST_MATH = YES;
				ONLY_ACTIVE_ARCH = YES;
				SDKROOT = iphoneos;
				SWIFT_ACTIVE_COMPILATION_CONDITIONS = DEBUG;
				SWIFT_OPTIMIZATION_LEVEL = "-Onone";
			};
			name = Debug;
		};
		9B7CA86E232353FE00068769 /* Release */ = {
			isa = XCBuildConfiguration;
			buildSettings = {
				ALWAYS_SEARCH_USER_PATHS = NO;
				CLANG_ANALYZER_NONNULL = YES;
				CLANG_ANALYZER_NUMBER_OBJECT_CONVERSION = YES_AGGRESSIVE;
				CLANG_CXX_LANGUAGE_STANDARD = "gnu++14";
				CLANG_CXX_LIBRARY = "libc++";
				CLANG_ENABLE_MODULES = YES;
				CLANG_ENABLE_OBJC_ARC = YES;
				CLANG_ENABLE_OBJC_WEAK = YES;
				CLANG_WARN_BLOCK_CAPTURE_AUTORELEASING = YES;
				CLANG_WARN_BOOL_CONVERSION = YES;
				CLANG_WARN_COMMA = YES;
				CLANG_WARN_CONSTANT_CONVERSION = YES;
				CLANG_WARN_DEPRECATED_OBJC_IMPLEMENTATIONS = YES;
				CLANG_WARN_DIRECT_OBJC_ISA_USAGE = YES_ERROR;
				CLANG_WARN_DOCUMENTATION_COMMENTS = YES;
				CLANG_WARN_EMPTY_BODY = YES;
				CLANG_WARN_ENUM_CONVERSION = YES;
				CLANG_WARN_INFINITE_RECURSION = YES;
				CLANG_WARN_INT_CONVERSION = YES;
				CLANG_WARN_NON_LITERAL_NULL_CONVERSION = YES;
				CLANG_WARN_OBJC_IMPLICIT_RETAIN_SELF = YES;
				CLANG_WARN_OBJC_LITERAL_CONVERSION = YES;
				CLANG_WARN_OBJC_ROOT_CLASS = YES_ERROR;
				CLANG_WARN_RANGE_LOOP_ANALYSIS = YES;
				CLANG_WARN_STRICT_PROTOTYPES = YES;
				CLANG_WARN_SUSPICIOUS_MOVE = YES;
				CLANG_WARN_UNGUARDED_AVAILABILITY = YES_AGGRESSIVE;
				CLANG_WARN_UNREACHABLE_CODE = YES;
				CLANG_WARN__DUPLICATE_METHOD_MATCH = YES;
				CODE_SIGN_IDENTITY = "iPhone Developer";
				COPY_PHASE_STRIP = NO;
				DEBUG_INFORMATION_FORMAT = "dwarf-with-dsym";
				ENABLE_NS_ASSERTIONS = NO;
				ENABLE_STRICT_OBJC_MSGSEND = YES;
				GCC_C_LANGUAGE_STANDARD = gnu11;
				GCC_NO_COMMON_BLOCKS = YES;
				GCC_WARN_64_TO_32_BIT_CONVERSION = YES;
				GCC_WARN_ABOUT_RETURN_TYPE = YES_ERROR;
				GCC_WARN_UNDECLARED_SELECTOR = YES;
				GCC_WARN_UNINITIALIZED_AUTOS = YES_AGGRESSIVE;
				GCC_WARN_UNUSED_FUNCTION = YES;
				GCC_WARN_UNUSED_VARIABLE = YES;
				IPHONEOS_DEPLOYMENT_TARGET = 12.4;
				MTL_ENABLE_DEBUG_INFO = NO;
				MTL_FAST_MATH = YES;
				SDKROOT = iphoneos;
				SWIFT_COMPILATION_MODE = wholemodule;
				SWIFT_OPTIMIZATION_LEVEL = "-O";
				VALIDATE_PRODUCT = YES;
			};
			name = Release;
		};
		9B7CA870232353FE00068769 /* Debug */ = {
			isa = XCBuildConfiguration;
			baseConfigurationReference = 74384780CC266388E8F5F7C6 /* Pods-EpubReader.debug.xcconfig */;
			buildSettings = {
				ASSETCATALOG_COMPILER_APPICON_NAME = AppIcon;
				CODE_SIGN_STYLE = Automatic;
				DEVELOPMENT_TEAM = C2A4267SKZ;
				INFOPLIST_FILE = EpubReader/Info.plist;
				LD_RUNPATH_SEARCH_PATHS = (
					"$(inherited)",
					"@executable_path/Frameworks",
				);
				PRODUCT_BUNDLE_IDENTIFIER = CJ.EpubReader;
				PRODUCT_NAME = "$(TARGET_NAME)";
				SWIFT_VERSION = 5.0;
				TARGETED_DEVICE_FAMILY = "1,2";
			};
			name = Debug;
		};
		9B7CA871232353FE00068769 /* Release */ = {
			isa = XCBuildConfiguration;
			baseConfigurationReference = 6D0EA336747B3B0F39EDC9A1 /* Pods-EpubReader.release.xcconfig */;
			buildSettings = {
				ASSETCATALOG_COMPILER_APPICON_NAME = AppIcon;
				CODE_SIGN_STYLE = Automatic;
				DEVELOPMENT_TEAM = C2A4267SKZ;
				INFOPLIST_FILE = EpubReader/Info.plist;
				LD_RUNPATH_SEARCH_PATHS = (
					"$(inherited)",
					"@executable_path/Frameworks",
				);
				PRODUCT_BUNDLE_IDENTIFIER = CJ.EpubReader;
				PRODUCT_NAME = "$(TARGET_NAME)";
				SWIFT_VERSION = 5.0;
				TARGETED_DEVICE_FAMILY = "1,2";
			};
			name = Release;
		};
		9B7CA873232353FE00068769 /* Debug */ = {
			isa = XCBuildConfiguration;
			baseConfigurationReference = C5F9439940D330B140954C17 /* Pods-EpubReaderTests.debug.xcconfig */;
			buildSettings = {
				ALWAYS_EMBED_SWIFT_STANDARD_LIBRARIES = YES;
				BUNDLE_LOADER = "$(TEST_HOST)";
				CODE_SIGN_STYLE = Automatic;
				DEVELOPMENT_TEAM = C2A4267SKZ;
				INFOPLIST_FILE = EpubReaderTests/Info.plist;
				LD_RUNPATH_SEARCH_PATHS = (
					"$(inherited)",
					"@executable_path/Frameworks",
					"@loader_path/Frameworks",
				);
				PRODUCT_BUNDLE_IDENTIFIER = CJ.EpubReaderTests;
				PRODUCT_NAME = "$(TARGET_NAME)";
				SWIFT_VERSION = 5.0;
				TARGETED_DEVICE_FAMILY = "1,2";
				TEST_HOST = "$(BUILT_PRODUCTS_DIR)/EpubReader.app/EpubReader";
			};
			name = Debug;
		};
		9B7CA874232353FE00068769 /* Release */ = {
			isa = XCBuildConfiguration;
			baseConfigurationReference = 0152E73D75C472DAC8E4EC3C /* Pods-EpubReaderTests.release.xcconfig */;
			buildSettings = {
				ALWAYS_EMBED_SWIFT_STANDARD_LIBRARIES = YES;
				BUNDLE_LOADER = "$(TEST_HOST)";
				CODE_SIGN_STYLE = Automatic;
				DEVELOPMENT_TEAM = C2A4267SKZ;
				INFOPLIST_FILE = EpubReaderTests/Info.plist;
				LD_RUNPATH_SEARCH_PATHS = (
					"$(inherited)",
					"@executable_path/Frameworks",
					"@loader_path/Frameworks",
				);
				PRODUCT_BUNDLE_IDENTIFIER = CJ.EpubReaderTests;
				PRODUCT_NAME = "$(TARGET_NAME)";
				SWIFT_VERSION = 5.0;
				TARGETED_DEVICE_FAMILY = "1,2";
				TEST_HOST = "$(BUILT_PRODUCTS_DIR)/EpubReader.app/EpubReader";
			};
			name = Release;
		};
		9B7CA876232353FE00068769 /* Debug */ = {
			isa = XCBuildConfiguration;
			baseConfigurationReference = 5D0BDBE2885E546C780DBFE8 /* Pods-EpubReaderUITests.debug.xcconfig */;
			buildSettings = {
				ALWAYS_EMBED_SWIFT_STANDARD_LIBRARIES = YES;
				CODE_SIGN_STYLE = Automatic;
				DEVELOPMENT_TEAM = C2A4267SKZ;
				INFOPLIST_FILE = EpubReaderUITests/Info.plist;
				LD_RUNPATH_SEARCH_PATHS = (
					"$(inherited)",
					"@executable_path/Frameworks",
					"@loader_path/Frameworks",
				);
				PRODUCT_BUNDLE_IDENTIFIER = CJ.EpubReaderUITests;
				PRODUCT_NAME = "$(TARGET_NAME)";
				SWIFT_VERSION = 5.0;
				TARGETED_DEVICE_FAMILY = "1,2";
				TEST_TARGET_NAME = EpubReader;
			};
			name = Debug;
		};
		9B7CA877232353FE00068769 /* Release */ = {
			isa = XCBuildConfiguration;
			baseConfigurationReference = FF26E7458C4A5CCE0A292BEF /* Pods-EpubReaderUITests.release.xcconfig */;
			buildSettings = {
				ALWAYS_EMBED_SWIFT_STANDARD_LIBRARIES = YES;
				CODE_SIGN_STYLE = Automatic;
				DEVELOPMENT_TEAM = C2A4267SKZ;
				INFOPLIST_FILE = EpubReaderUITests/Info.plist;
				LD_RUNPATH_SEARCH_PATHS = (
					"$(inherited)",
					"@executable_path/Frameworks",
					"@loader_path/Frameworks",
				);
				PRODUCT_BUNDLE_IDENTIFIER = CJ.EpubReaderUITests;
				PRODUCT_NAME = "$(TARGET_NAME)";
				SWIFT_VERSION = 5.0;
				TARGETED_DEVICE_FAMILY = "1,2";
				TEST_TARGET_NAME = EpubReader;
			};
			name = Release;
		};
/* End XCBuildConfiguration section */

/* Begin XCConfigurationList section */
		9B7CA842232353FC00068769 /* Build configuration list for PBXProject "EpubReader" */ = {
			isa = XCConfigurationList;
			buildConfigurations = (
				9B7CA86D232353FE00068769 /* Debug */,
				9B7CA86E232353FE00068769 /* Release */,
			);
			defaultConfigurationIsVisible = 0;
			defaultConfigurationName = Release;
		};
		9B7CA86F232353FE00068769 /* Build configuration list for PBXNativeTarget "EpubReader" */ = {
			isa = XCConfigurationList;
			buildConfigurations = (
				9B7CA870232353FE00068769 /* Debug */,
				9B7CA871232353FE00068769 /* Release */,
			);
			defaultConfigurationIsVisible = 0;
			defaultConfigurationName = Release;
		};
		9B7CA872232353FE00068769 /* Build configuration list for PBXNativeTarget "EpubReaderTests" */ = {
			isa = XCConfigurationList;
			buildConfigurations = (
				9B7CA873232353FE00068769 /* Debug */,
				9B7CA874232353FE00068769 /* Release */,
			);
			defaultConfigurationIsVisible = 0;
			defaultConfigurationName = Release;
		};
		9B7CA875232353FE00068769 /* Build configuration list for PBXNativeTarget "EpubReaderUITests" */ = {
			isa = XCConfigurationList;
			buildConfigurations = (
				9B7CA876232353FE00068769 /* Debug */,
				9B7CA877232353FE00068769 /* Release */,
			);
			defaultConfigurationIsVisible = 0;
			defaultConfigurationName = Release;
		};
/* End XCConfigurationList section */
	};
	rootObject = 9B7CA83F232353FC00068769 /* Project object */;
}
